
Microsoft Visual Studio Solution File, Format Version 12.00
# Visual Studio Version 17
VisualStudioVersion = 17.9.34723.18
MinimumVisualStudioVersion = 10.0.40219.1
Project("{9A19103F-16F7-4668-BE54-9A1E7A4F7556}") = "BlackPlain.Bizio.Core", "BlackPlain.Bizio.Core\BlackPlain.Bizio.Core.csproj", "{EF0E1D65-A495-4C68-8BED-356EBAE68892}"
EndProject
Project("{FAE04EC0-301F-11D3-BF4B-00C04F79EFBC}") = "BlackPlain.Core", "BlackPlain.Core\BlackPlain.Core.csproj", "{0B2DADF4-D34B-48AA-BC5C-2A7C5BFFA561}"
EndProject
Project("{FAE04EC0-301F-11D3-BF4B-00C04F79EFBC}") = "BlackPlain.Bizio.App", "BlackPlain.Bizio.App\BlackPlain.Bizio.App.csproj", "{F2A44B4E-681A-4E67-A85C-932FCE6FCC12}"
EndProject
Global
	GlobalSection(SolutionConfigurationPlatforms) = preSolution
		Debug|Any CPU = Debug|Any CPU
		Release|Any CPU = Release|Any CPU
	EndGlobalSection
	GlobalSection(ProjectConfigurationPlatforms) = postSolution
		{EF0E1D65-A495-4C68-8BED-356EBAE68892}.Debug|Any CPU.ActiveCfg = Debug|Any CPU
		{EF0E1D65-A495-4C68-8BED-356EBAE68892}.Debug|Any CPU.Build.0 = Debug|Any CPU
		{EF0E1D65-A495-4C68-8BED-356EBAE68892}.Release|Any CPU.ActiveCfg = Release|Any CPU
		{EF0E1D65-A495-4C68-8BED-356EBAE68892}.Release|Any CPU.Build.0 = Release|Any CPU
		{0B2DADF4-D34B-48AA-BC5C-2A7C5BFFA561}.Debug|Any CPU.ActiveCfg = Debug|Any CPU
		{0B2DADF4-D34B-48AA-BC5C-2A7C5BFFA561}.Debug|Any CPU.Build.0 = Debug|Any CPU
		{0B2DADF4-D34B-48AA-BC5C-2A7C5BFFA561}.Release|Any CPU.ActiveCfg = Release|Any CPU
		{0B2DADF4-D34B-48AA-BC5C-2A7C5BFFA561}.Release|Any CPU.Build.0 = Release|Any CPU
		{F2A44B4E-681A-4E67-A85C-932FCE6FCC12}.Debug|Any CPU.ActiveCfg = Debug|Any CPU
		{F2A44B4E-681A-4E67-A85C-932FCE6FCC12}.Debug|Any CPU.Build.0 = Debug|Any CPU
		{F2A44B4E-681A-4E67-A85C-932FCE6FCC12}.Debug|Any CPU.Deploy.0 = Debug|Any CPU
		{F2A44B4E-681A-4E67-A85C-932FCE6FCC12}.Release|Any CPU.ActiveCfg = Release|Any CPU
		{F2A44B4E-681A-4E67-A85C-932FCE6FCC12}.Release|Any CPU.Build.0 = Release|Any CPU
		{F2A44B4E-681A-4E67-A85C-932FCE6FCC12}.Release|Any CPU.Deploy.0 = Release|Any CPU
	EndGlobalSection
	GlobalSection(SolutionProperties) = preSolution
		HideSolutionNode = FALSE
	EndGlobalSection
	GlobalSection(ExtensibilityGlobals) = postSolution
		SolutionGuid = {A006A79D-B255-429B-9374-F99B54513947}
	EndGlobalSection
EndGlobal
